
Microsoft Visual Studio Solution File, Format Version 12.00
# Visual Studio 15
VisualStudioVersion = 15.0.27004.2010
MinimumVisualStudioVersion = 10.0.40219.1
Project("{FAE04EC0-301F-11D3-BF4B-00C04F79EFBC}") = "GTA5PoliceV2", "GTA5PoliceV2\GTA5PoliceV2.csproj", "{4C57AE58-AE43-4AF5-861B-E47160D5AD46}"
EndProject
Global
	GlobalSection(SolutionConfigurationPlatforms) = preSolution
		Debug|Any CPU = Debug|Any CPU
		Release|Any CPU = Release|Any CPU
	EndGlobalSection
	GlobalSection(ProjectConfigurationPlatforms) = postSolution
		{4C57AE58-AE43-4AF5-861B-E47160D5AD46}.Debug|Any CPU.ActiveCfg = Debug|Any CPU
		{4C57AE58-AE43-4AF5-861B-E47160D5AD46}.Debug|Any CPU.Build.0 = Debug|Any CPU
		{4C57AE58-AE43-4AF5-861B-E47160D5AD46}.Release|Any CPU.ActiveCfg = Release|Any CPU
		{4C57AE58-AE43-4AF5-861B-E47160D5AD46}.Release|Any CPU.Build.0 = Release|Any CPU
	EndGlobalSection
	GlobalSection(SolutionProperties) = preSolution
		HideSolutionNode = FALSE
	EndGlobalSection
	GlobalSection(ExtensibilityGlobals) = postSolution
		SolutionGuid = {B70E0C01-1630-46D0-B179-A5720AEC0B1D}
	EndGlobalSection
EndGlobal
